// !$*UTF8*$!
{
	archiveVersion = 1;
	classes = {
	};
	objectVersion = 46;
	objects = {

/* Begin PBXBuildFile section */
		F6FC38131C60EFFB0018D39C /* AppDelegate.swift in Sources */ = {isa = PBXBuildFile; fileRef = F6FC38121C60EFFB0018D39C /* AppDelegate.swift */; };
		F6FC38151C60EFFB0018D39C /* ViewController.swift in Sources */ = {isa = PBXBuildFile; fileRef = F6FC38141C60EFFB0018D39C /* ViewController.swift */; };
		F6FC38181C60EFFB0018D39C /* Main.storyboard in Resources */ = {isa = PBXBuildFile; fileRef = F6FC38161C60EFFB0018D39C /* Main.storyboard */; };
		F6FC381A1C60EFFB0018D39C /* Assets.xcassets in Resources */ = {isa = PBXBuildFile; fileRef = F6FC38191C60EFFB0018D39C /* Assets.xcassets */; };
		F6FC381D1C60EFFB0018D39C /* LaunchScreen.storyboard in Resources */ = {isa = PBXBuildFile; fileRef = F6FC381B1C60EFFB0018D39C /* LaunchScreen.storyboard */; };
		F6FC38261C60F4D40018D39C /* AnimatedView.swift in Sources */ = {isa = PBXBuildFile; fileRef = F6FC38251C60F4D40018D39C /* AnimatedView.swift */; };
		F6FC38281C60F7A00018D39C /* CoreData.framework in Frameworks */ = {isa = PBXBuildFile; fileRef = F6FC38271C60F7A00018D39C /* CoreData.framework */; };
/* End PBXBuildFile section */

/* Begin PBXFileReference section */
		F6FC380F1C60EFFB0018D39C /* AnimationsDemo.app */ = {isa = PBXFileReference; explicitFileType = wrapper.application; includeInIndex = 0; path = AnimationsDemo.app; sourceTree = BUILT_PRODUCTS_DIR; };
		F6FC38121C60EFFB0018D39C /* AppDelegate.swift */ = {isa = PBXFileReference; lastKnownFileType = sourcecode.swift; path = AppDelegate.swift; sourceTree = "<group>"; };
		F6FC38141C60EFFB0018D39C /* ViewController.swift */ = {isa = PBXFileReference; lastKnownFileType = sourcecode.swift; path = ViewController.swift; sourceTree = "<group>"; };
		F6FC38171C60EFFB0018D39C /* Base */ = {isa = PBXFileReference; lastKnownFileType = file.storyboard; name = Base; path = Base.lproj/Main.storyboard; sourceTree = "<group>"; };
		F6FC38191C60EFFB0018D39C /* Assets.xcassets */ = {isa = PBXFileReference; lastKnownFileType = folder.assetcatalog; path = Assets.xcassets; sourceTree = "<group>"; };
		F6FC381C1C60EFFB0018D39C /* Base */ = {isa = PBXFileReference; lastKnownFileType = file.storyboard; name = Base; path = Base.lproj/LaunchScreen.storyboard; sourceTree = "<group>"; };
		F6FC381E1C60EFFB0018D39C /* Info.plist */ = {isa = PBXFileReference; lastKnownFileType = text.plist.xml; path = Info.plist; sourceTree = "<group>"; };
		F6FC38251C60F4D40018D39C /* AnimatedView.swift */ = {isa = PBXFileReference; fileEncoding = 4; lastKnownFileType = sourcecode.swift; name = AnimatedView.swift; path = Views/AnimatedView.swift; sourceTree = "<group>"; };
		F6FC38271C60F7A00018D39C /* CoreData.framework */ = {isa = PBXFileReference; lastKnownFileType = wrapper.framework; name = CoreData.framework; path = System/Library/Frameworks/CoreData.framework; sourceTree = SDKROOT; };
/* End PBXFileReference section */

/* Begin PBXFrameworksBuildPhase section */
		F6FC380C1C60EFFB0018D39C /* Frameworks */ = {
			isa = PBXFrameworksBuildPhase;
			buildActionMask = 2147483647;
			files = (
				F6FC38281C60F7A00018D39C /* CoreData.framework in Frameworks */,
			);
			runOnlyForDeploymentPostprocessing = 0;
		};
/* End PBXFrameworksBuildPhase section */

/* Begin PBXGroup section */
		F6FC38061C60EFFB0018D39C = {
			isa = PBXGroup;
			children = (
				F6FC38271C60F7A00018D39C /* CoreData.framework */,
				F6FC38111C60EFFB0018D39C /* AnimationsDemo */,
				F6FC38101C60EFFB0018D39C /* Products */,
			);
			sourceTree = "<group>";
		};
		F6FC38101C60EFFB0018D39C /* Products */ = {
			isa = PBXGroup;
			children = (
				F6FC380F1C60EFFB0018D39C /* AnimationsDemo.app */,
			);
			name = Products;
			sourceTree = "<group>";
		};
		F6FC38111C60EFFB0018D39C /* AnimationsDemo */ = {
			isa = PBXGroup;
			children = (
				F6FC38241C60F4BC0018D39C /* Views */,
				F6FC38121C60EFFB0018D39C /* AppDelegate.swift */,
				F6FC38141C60EFFB0018D39C /* ViewController.swift */,
				F6FC38161C60EFFB0018D39C /* Main.storyboard */,
				F6FC38191C60EFFB0018D39C /* Assets.xcassets */,
				F6FC381B1C60EFFB0018D39C /* LaunchScreen.storyboard */,
				F6FC381E1C60EFFB0018D39C /* Info.plist */,
			);
			path = AnimationsDemo;
			sourceTree = "<group>";
		};
		F6FC38241C60F4BC0018D39C /* Views */ = {
			isa = PBXGroup;
			children = (
				F6FC38251C60F4D40018D39C /* AnimatedView.swift */,
			);
			name = Views;
			sourceTree = "<group>";
		};
/* End PBXGroup section */

/* Begin PBXNativeTarget section */
		F6FC380E1C60EFFB0018D39C /* AnimationsDemo */ = {
			isa = PBXNativeTarget;
			buildConfigurationList = F6FC38211C60EFFB0018D39C /* Build configuration list for PBXNativeTarget "AnimationsDemo" */;
			buildPhases = (
				F6FC380B1C60EFFB0018D39C /* Sources */,
				F6FC380C1C60EFFB0018D39C /* Frameworks */,
				F6FC380D1C60EFFB0018D39C /* Resources */,
			);
			buildRules = (
			);
			dependencies = (
			);
			name = AnimationsDemo;
			productName = AnimationsDemo;
			productReference = F6FC380F1C60EFFB0018D39C /* AnimationsDemo.app */;
			productType = "com.apple.product-type.application";
		};
/* End PBXNativeTarget section */

/* Begin PBXProject section */
		F6FC38071C60EFFB0018D39C /* Project object */ = {
			isa = PBXProject;
			attributes = {
				LastSwiftUpdateCheck = 0720;
				LastUpgradeCheck = 0720;
				ORGANIZATIONNAME = "Doncho Minkov";
				TargetAttributes = {
					F6FC380E1C60EFFB0018D39C = {
						CreatedOnToolsVersion = 7.2;
					};
				};
			};
			buildConfigurationList = F6FC380A1C60EFFB0018D39C /* Build configuration list for PBXProject "AnimationsDemo" */;
			compatibilityVersion = "Xcode 3.2";
			developmentRegion = English;
			hasScannedForEncodings = 0;
			knownRegions = (
				en,
				Base,
			);
			mainGroup = F6FC38061C60EFFB0018D39C;
			productRefGroup = F6FC38101C60EFFB0018D39C /* Products */;
			projectDirPath = "";
			projectRoot = "";
			targets = (
				F6FC380E1C60EFFB0018D39C /* AnimationsDemo */,
			);
		};
/* End PBXProject section */

/* Begin PBXResourcesBuildPhase section */
		F6FC380D1C60EFFB0018D39C /* Resources */ = {
			isa = PBXResourcesBuildPhase;
			buildActionMask = 2147483647;
			files = (
				F6FC381D1C60EFFB0018D39C /* LaunchScreen.storyboard in Resources */,
				F6FC381A1C60EFFB0018D39C /* Assets.xcassets in Resources */,
				F6FC38181C60EFFB0018D39C /* Main.storyboard in Resources */,
			);
			runOnlyForDeploymentPostprocessing = 0;
		};
/* End PBXResourcesBuildPhase section */

/* Begin PBXSourcesBuildPhase section */
		F6FC380B1C60EFFB0018D39C /* Sources */ = {
			isa = PBXSourcesBuildPhase;
			buildActionMask = 2147483647;
			files = (
				F6FC38151C60EFFB0018D39C /* ViewController.swift in Sources */,
				F6FC38261C60F4D40018D39C /* AnimatedView.swift in Sources */,
				F6FC38131C60EFFB0018D39C /* AppDelegate.swift in Sources */,
			);
			runOnlyForDeploymentPostprocessing = 0;
		};
/* End PBXSourcesBuildPhase section */

/* Begin PBXVariantGroup section */
		F6FC38161C60EFFB0018D39C /* Main.storyboard */ = {
			isa = PBXVariantGroup;
			children = (
				F6FC38171C60EFFB0018D39C /* Base */,
			);
			name = Main.storyboard;
			sourceTree = "<group>";
		};
		F6FC381B1C60EFFB0018D39C /* LaunchScreen.storyboard */ = {
			isa = PBXVariantGroup;
			children = (
				F6FC381C1C60EFFB0018D39C /* Base */,
			);
			name = LaunchScreen.storyboard;
			sourceTree = "<group>";
		};
/* End PBXVariantGroup section */

/* Begin XCBuildConfiguration section */
		F6FC381F1C60EFFB0018D39C /* Debug */ = {
			isa = XCBuildConfiguration;
			buildSettings = {
				ALWAYS_SEARCH_USER_PATHS = NO;
				CLANG_CXX_LANGUAGE_STANDARD = "gnu++0x";
				CLANG_CXX_LIBRARY = "libc++";
				CLANG_ENABLE_MODULES = YES;
				CLANG_ENABLE_OBJC_ARC = YES;
				CLANG_WARN_BOOL_CONVERSION = YES;
				CLANG_WARN_CONSTANT_CONVERSION = YES;
				CLANG_WARN_DIRECT_OBJC_ISA_USAGE = YES_ERROR;
				CLANG_WARN_EMPTY_BODY = YES;
				CLANG_WARN_ENUM_CONVERSION = YES;
				CLANG_WARN_INT_CONVERSION = YES;
				CLANG_WARN_OBJC_ROOT_CLASS = YES_ERROR;
				CLANG_WARN_UNREACHABLE_CODE = YES;
				CLANG_WARN__DUPLICATE_METHOD_MATCH = YES;
				"CODE_SIGN_IDENTITY[sdk=iphoneos*]" = "iPhone Developer";
				COPY_PHASE_STRIP = NO;
				DEBUG_INFORMATION_FORMAT = dwarf;
				ENABLE_STRICT_OBJC_MSGSEND = YES;
				ENABLE_TESTABILITY = YES;
				GCC_C_LANGUAGE_STANDARD = gnu99;
				GCC_DYNAMIC_NO_PIC = NO;
				GCC_NO_COMMON_BLOCKS = YES;
				GCC_OPTIMIZATION_LEVEL = 0;
				GCC_PREPROCESSOR_DEFINITIONS = (
					"DEBUG=1",
					"$(inherited)",
				);
				GCC_WARN_64_TO_32_BIT_CONVERSION = YES;
				GCC_WARN_ABOUT_RETURN_TYPE = YES_ERROR;
				GCC_WARN_UNDECLARED_SELECTOR = YES;
				GCC_WARN_UNINITIALIZED_AUTOS = YES_AGGRESSIVE;
				GCC_WARN_UNUSED_FUNCTION = YES;
				GCC_WARN_UNUSED_VARIABLE = YES;
				IPHONEOS_DEPLOYMENT_TARGET = 9.2;
				MTL_ENABLE_DEBUG_INFO = YES;
				ONLY_ACTIVE_ARCH = YES;
				SDKROOT = iphoneos;
				SWIFT_OPTIMIZATION_LEVEL = "-Onone";
				TARGETED_DEVICE_FAMILY = "1,2";
			};
			name = Debug;
		};
		F6FC38201C60EFFB0018D39C /* Release */ = {
			isa = XCBuildConfiguration;
			buildSettings = {
				ALWAYS_SEARCH_USER_PATHS = NO;
				CLANG_CXX_LANGUAGE_STANDARD = "gnu++0x";
				CLANG_CXX_LIBRARY = "libc++";
				CLANG_ENABLE_MODULES = YES;
				CLANG_ENABLE_OBJC_ARC = YES;
				CLANG_WARN_BOOL_CONVERSION = YES;
				CLANG_WARN_CONSTANT_CONVERSION = YES;
				CLANG_WARN_DIRECT_OBJC_ISA_USAGE = YES_ERROR;
				CLANG_WARN_EMPTY_BODY = YES;
				CLANG_WARN_ENUM_CONVERSION = YES;
				CLANG_WARN_INT_CONVERSION = YES;
				CLANG_WARN_OBJC_ROOT_CLASS = YES_ERROR;
				CLANG_WARN_UNREACHABLE_CODE = YES;
				CLANG_WARN__DUPLICATE_METHOD_MATCH = YES;
				"CODE_SIGN_IDENTITY[sdk=iphoneos*]" = "iPhone Developer";
				COPY_PHASE_STRIP = NO;
				DEBUG_INFORMATION_FORMAT = "dwarf-with-dsym";
				ENABLE_NS_ASSERTIONS = NO;
				ENABLE_STRICT_OBJC_MSGSEND = YES;
				GCC_C_LANGUAGE_STANDARD = gnu99;
				GCC_NO_COMMON_BLOCKS = YES;
				GCC_WARN_64_TO_32_BIT_CONVERSION = YES;
				GCC_WARN_ABOUT_RETURN_TYPE = YES_ERROR;
				GCC_WARN_UNDECLARED_SELECTOR = YES;
				GCC_WARN_UNINITIALIZED_AUTOS = YES_AGGRESSIVE;
				GCC_WARN_UNUSED_FUNCTION = YES;
				GCC_WARN_UNUSED_VARIABLE = YES;
				IPHONEOS_DEPLOYMENT_TARGET = 9.2;
				MTL_ENABLE_DEBUG_INFO = NO;
				SDKROOT = iphoneos;
				TARGETED_DEVICE_FAMILY = "1,2";
				VALIDATE_PRODUCT = YES;
			};
			name = Release;
		};
		F6FC38221C60EFFB0018D39C /* Debug */ = {
			isa = XCBuildConfiguration;
			buildSettings = {
				ASSETCATALOG_COMPILER_APPICON_NAME = AppIcon;
				INFOPLIST_FILE = AnimationsDemo/Info.plist;
				LD_RUNPATH_SEARCH_PATHS = "$(inherited) @executable_path/Frameworks";
				PRODUCT_BUNDLE_IDENTIFIER = DM.AnimationsDemo;
				PRODUCT_NAME = "$(TARGET_NAME)";
			};
			name = Debug;
		};
		F6FC38231C60EFFB0018D39C /* Release */ = {
			isa = XCBuildConfiguration;
			buildSettings = {
				ASSETCATALOG_COMPILER_APPICON_NAME = AppIcon;
				INFOPLIST_FILE = AnimationsDemo/Info.plist;
				LD_RUNPATH_SEARCH_PATHS = "$(inherited) @executable_path/Frameworks";
				PRODUCT_BUNDLE_IDENTIFIER = DM.AnimationsDemo;
				PRODUCT_NAME = "$(TARGET_NAME)";
			};
			name = Release;
		};
/* End XCBuildConfiguration section */

/* Begin XCConfigurationList section */
		F6FC380A1C60EFFB0018D39C /* Build configuration list for PBXProject "AnimationsDemo" */ = {
			isa = XCConfigurationList;
			buildConfigurations = (
				F6FC381F1C60EFFB0018D39C /* Debug */,
				F6FC38201C60EFFB0018D39C /* Release */,
			);
			defaultConfigurationIsVisible = 0;
			defaultConfigurationName = Release;
		};
		F6FC38211C60EFFB0018D39C /* Build configuration list for PBXNativeTarget "AnimationsDemo" */ = {
			isa = XCConfigurationList;
			buildConfigurations = (
				F6FC38221C60EFFB0018D39C /* Debug */,
				F6FC38231C60EFFB0018D39C /* Release */,
			);
			defaultConfigurationIsVisible = 0;
		};
/* End XCConfigurationList section */
	};
	rootObject = F6FC38071C60EFFB0018D39C /* Project object */;
}
