// !$*UTF8*$!
{
	archiveVersion = 1;
	classes = {
	};
	objectVersion = 46;
	objects = {

/* Begin PBXBuildFile section */
		F66375B01E8BE6070099A022 /* AppDelegate.swift in Sources */ = {isa = PBXBuildFile; fileRef = F66375AF1E8BE6070099A022 /* AppDelegate.swift */; };
		F66375B21E8BE6070099A022 /* ViewController.swift in Sources */ = {isa = PBXBuildFile; fileRef = F66375B11E8BE6070099A022 /* ViewController.swift */; };
		F66375B51E8BE6070099A022 /* Main.storyboard in Resources */ = {isa = PBXBuildFile; fileRef = F66375B31E8BE6070099A022 /* Main.storyboard */; };
		F66375B71E8BE6070099A022 /* Assets.xcassets in Resources */ = {isa = PBXBuildFile; fileRef = F66375B61E8BE6070099A022 /* Assets.xcassets */; };
		F66375BA1E8BE6070099A022 /* LaunchScreen.storyboard in Resources */ = {isa = PBXBuildFile; fileRef = F66375B81E8BE6070099A022 /* LaunchScreen.storyboard */; };
/* End PBXBuildFile section */

/* Begin PBXFileReference section */
		F66375AC1E8BE6070099A022 /* GesturesDemos.app */ = {isa = PBXFileReference; explicitFileType = wrapper.application; includeInIndex = 0; path = GesturesDemos.app; sourceTree = BUILT_PRODUCTS_DIR; };
		F66375AF1E8BE6070099A022 /* AppDelegate.swift */ = {isa = PBXFileReference; lastKnownFileType = sourcecode.swift; path = AppDelegate.swift; sourceTree = "<group>"; };
		F66375B11E8BE6070099A022 /* ViewController.swift */ = {isa = PBXFileReference; lastKnownFileType = sourcecode.swift; path = ViewController.swift; sourceTree = "<group>"; };
		F66375B41E8BE6070099A022 /* Base */ = {isa = PBXFileReference; lastKnownFileType = file.storyboard; name = Base; path = Base.lproj/Main.storyboard; sourceTree = "<group>"; };
		F66375B61E8BE6070099A022 /* Assets.xcassets */ = {isa = PBXFileReference; lastKnownFileType = folder.assetcatalog; path = Assets.xcassets; sourceTree = "<group>"; };
		F66375B91E8BE6070099A022 /* Base */ = {isa = PBXFileReference; lastKnownFileType = file.storyboard; name = Base; path = Base.lproj/LaunchScreen.storyboard; sourceTree = "<group>"; };
		F66375BB1E8BE6070099A022 /* Info.plist */ = {isa = PBXFileReference; lastKnownFileType = text.plist.xml; path = Info.plist; sourceTree = "<group>"; };
/* End PBXFileReference section */

/* Begin PBXFrameworksBuildPhase section */
		F66375A91E8BE6070099A022 /* Frameworks */ = {
			isa = PBXFrameworksBuildPhase;
			buildActionMask = 2147483647;
			files = (
			);
			runOnlyForDeploymentPostprocessing = 0;
		};
/* End PBXFrameworksBuildPhase section */

/* Begin PBXGroup section */
		F66375A31E8BE6070099A022 = {
			isa = PBXGroup;
			children = (
				F66375AE1E8BE6070099A022 /* GesturesDemos */,
				F66375AD1E8BE6070099A022 /* Products */,
			);
			sourceTree = "<group>";
		};
		F66375AD1E8BE6070099A022 /* Products */ = {
			isa = PBXGroup;
			children = (
				F66375AC1E8BE6070099A022 /* GesturesDemos.app */,
			);
			name = Products;
			sourceTree = "<group>";
		};
		F66375AE1E8BE6070099A022 /* GesturesDemos */ = {
			isa = PBXGroup;
			children = (
				F66375AF1E8BE6070099A022 /* AppDelegate.swift */,
				F66375B11E8BE6070099A022 /* ViewController.swift */,
				F66375B31E8BE6070099A022 /* Main.storyboard */,
				F66375B61E8BE6070099A022 /* Assets.xcassets */,
				F66375B81E8BE6070099A022 /* LaunchScreen.storyboard */,
				F66375BB1E8BE6070099A022 /* Info.plist */,
			);
			path = GesturesDemos;
			sourceTree = "<group>";
		};
/* End PBXGroup section */

/* Begin PBXNativeTarget section */
		F66375AB1E8BE6070099A022 /* GesturesDemos */ = {
			isa = PBXNativeTarget;
			buildConfigurationList = F66375BE1E8BE6070099A022 /* Build configuration list for PBXNativeTarget "GesturesDemos" */;
			buildPhases = (
				F66375A81E8BE6070099A022 /* Sources */,
				F66375A91E8BE6070099A022 /* Frameworks */,
				F66375AA1E8BE6070099A022 /* Resources */,
			);
			buildRules = (
			);
			dependencies = (
			);
			name = GesturesDemos;
			productName = GesturesDemos;
			productReference = F66375AC1E8BE6070099A022 /* GesturesDemos.app */;
			productType = "com.apple.product-type.application";
		};
/* End PBXNativeTarget section */

/* Begin PBXProject section */
		F66375A41E8BE6070099A022 /* Project object */ = {
			isa = PBXProject;
			attributes = {
				LastSwiftUpdateCheck = 0820;
				LastUpgradeCheck = 0820;
				ORGANIZATIONNAME = "Doncho Minkov";
				TargetAttributes = {
					F66375AB1E8BE6070099A022 = {
						CreatedOnToolsVersion = 8.2.1;
						ProvisioningStyle = Automatic;
					};
				};
			};
			buildConfigurationList = F66375A71E8BE6070099A022 /* Build configuration list for PBXProject "GesturesDemos" */;
			compatibilityVersion = "Xcode 3.2";
			developmentRegion = English;
			hasScannedForEncodings = 0;
			knownRegions = (
				en,
				Base,
			);
			mainGroup = F66375A31E8BE6070099A022;
			productRefGroup = F66375AD1E8BE6070099A022 /* Products */;
			projectDirPath = "";
			projectRoot = "";
			targets = (
				F66375AB1E8BE6070099A022 /* GesturesDemos */,
			);
		};
/* End PBXProject section */

/* Begin PBXResourcesBuildPhase section */
		F66375AA1E8BE6070099A022 /* Resources */ = {
			isa = PBXResourcesBuildPhase;
			buildActionMask = 2147483647;
			files = (
				F66375BA1E8BE6070099A022 /* LaunchScreen.storyboard in Resources */,
				F66375B71E8BE6070099A022 /* Assets.xcassets in Resources */,
				F66375B51E8BE6070099A022 /* Main.storyboard in Resources */,
			);
			runOnlyForDeploymentPostprocessing = 0;
		};
/* End PBXResourcesBuildPhase section */

/* Begin PBXSourcesBuildPhase section */
		F66375A81E8BE6070099A022 /* Sources */ = {
			isa = PBXSourcesBuildPhase;
			buildActionMask = 2147483647;
			files = (
				F66375B21E8BE6070099A022 /* ViewController.swift in Sources */,
				F66375B01E8BE6070099A022 /* AppDelegate.swift in Sources */,
			);
			runOnlyForDeploymentPostprocessing = 0;
		};
/* End PBXSourcesBuildPhase section */

/* Begin PBXVariantGroup section */
		F66375B31E8BE6070099A022 /* Main.storyboard */ = {
			isa = PBXVariantGroup;
			children = (
				F66375B41E8BE6070099A022 /* Base */,
			);
			name = Main.storyboard;
			sourceTree = "<group>";
		};
		F66375B81E8BE6070099A022 /* LaunchScreen.storyboard */ = {
			isa = PBXVariantGroup;
			children = (
				F66375B91E8BE6070099A022 /* Base */,
			);
			name = LaunchScreen.storyboard;
			sourceTree = "<group>";
		};
/* End PBXVariantGroup section */

/* Begin XCBuildConfiguration section */
		F66375BC1E8BE6070099A022 /* Debug */ = {
			isa = XCBuildConfiguration;
			buildSettings = {
				ALWAYS_SEARCH_USER_PATHS = NO;
				CLANG_ANALYZER_NONNULL = YES;
				CLANG_CXX_LANGUAGE_STANDARD = "gnu++0x";
				CLANG_CXX_LIBRARY = "libc++";
				CLANG_ENABLE_MODULES = YES;
				CLANG_ENABLE_OBJC_ARC = YES;
				CLANG_WARN_BOOL_CONVERSION = YES;
				CLANG_WARN_CONSTANT_CONVERSION = YES;
				CLANG_WARN_DIRECT_OBJC_ISA_USAGE = YES_ERROR;
				CLANG_WARN_DOCUMENTATION_COMMENTS = YES;
				CLANG_WARN_EMPTY_BODY = YES;
				CLANG_WARN_ENUM_CONVERSION = YES;
				CLANG_WARN_INFINITE_RECURSION = YES;
				CLANG_WARN_INT_CONVERSION = YES;
				CLANG_WARN_OBJC_ROOT_CLASS = YES_ERROR;
				CLANG_WARN_SUSPICIOUS_MOVE = YES;
				CLANG_WARN_UNREACHABLE_CODE = YES;
				CLANG_WARN__DUPLICATE_METHOD_MATCH = YES;
				"CODE_SIGN_IDENTITY[sdk=iphoneos*]" = "iPhone Developer";
				COPY_PHASE_STRIP = NO;
				DEBUG_INFORMATION_FORMAT = dwarf;
				ENABLE_STRICT_OBJC_MSGSEND = YES;
				ENABLE_TESTABILITY = YES;
				GCC_C_LANGUAGE_STANDARD = gnu99;
				GCC_DYNAMIC_NO_PIC = NO;
				GCC_NO_COMMON_BLOCKS = YES;
				GCC_OPTIMIZATION_LEVEL = 0;
				GCC_PREPROCESSOR_DEFINITIONS = (
					"DEBUG=1",
					"$(inherited)",
				);
				GCC_WARN_64_TO_32_BIT_CONVERSION = YES;
				GCC_WARN_ABOUT_RETURN_TYPE = YES_ERROR;
				GCC_WARN_UNDECLARED_SELECTOR = YES;
				GCC_WARN_UNINITIALIZED_AUTOS = YES_AGGRESSIVE;
				GCC_WARN_UNUSED_FUNCTION = YES;
				GCC_WARN_UNUSED_VARIABLE = YES;
				IPHONEOS_DEPLOYMENT_TARGET = 10.2;
				MTL_ENABLE_DEBUG_INFO = YES;
				ONLY_ACTIVE_ARCH = YES;
				SDKROOT = iphoneos;
				SWIFT_ACTIVE_COMPILATION_CONDITIONS = DEBUG;
				SWIFT_OPTIMIZATION_LEVEL = "-Onone";
				TARGETED_DEVICE_FAMILY = "1,2";
			};
			name = Debug;
		};
		F66375BD1E8BE6070099A022 /* Release */ = {
			isa = XCBuildConfiguration;
			buildSettings = {
				ALWAYS_SEARCH_USER_PATHS = NO;
				CLANG_ANALYZER_NONNULL = YES;
				CLANG_CXX_LANGUAGE_STANDARD = "gnu++0x";
				CLANG_CXX_LIBRARY = "libc++";
				CLANG_ENABLE_MODULES = YES;
				CLANG_ENABLE_OBJC_ARC = YES;
				CLANG_WARN_BOOL_CONVERSION = YES;
				CLANG_WARN_CONSTANT_CONVERSION = YES;
				CLANG_WARN_DIRECT_OBJC_ISA_USAGE = YES_ERROR;
				CLANG_WARN_DOCUMENTATION_COMMENTS = YES;
				CLANG_WARN_EMPTY_BODY = YES;
				CLANG_WARN_ENUM_CONVERSION = YES;
				CLANG_WARN_INFINITE_RECURSION = YES;
				CLANG_WARN_INT_CONVERSION = YES;
				CLANG_WARN_OBJC_ROOT_CLASS = YES_ERROR;
				CLANG_WARN_SUSPICIOUS_MOVE = YES;
				CLANG_WARN_UNREACHABLE_CODE = YES;
				CLANG_WARN__DUPLICATE_METHOD_MATCH = YES;
				"CODE_SIGN_IDENTITY[sdk=iphoneos*]" = "iPhone Developer";
				COPY_PHASE_STRIP = NO;
				DEBUG_INFORMATION_FORMAT = "dwarf-with-dsym";
				ENABLE_NS_ASSERTIONS = NO;
				ENABLE_STRICT_OBJC_MSGSEND = YES;
				GCC_C_LANGUAGE_STANDARD = gnu99;
				GCC_NO_COMMON_BLOCKS = YES;
				GCC_WARN_64_TO_32_BIT_CONVERSION = YES;
				GCC_WARN_ABOUT_RETURN_TYPE = YES_ERROR;
				GCC_WARN_UNDECLARED_SELECTOR = YES;
				GCC_WARN_UNINITIALIZED_AUTOS = YES_AGGRESSIVE;
				GCC_WARN_UNUSED_FUNCTION = YES;
				GCC_WARN_UNUSED_VARIABLE = YES;
				IPHONEOS_DEPLOYMENT_TARGET = 10.2;
				MTL_ENABLE_DEBUG_INFO = NO;
				SDKROOT = iphoneos;
				SWIFT_OPTIMIZATION_LEVEL = "-Owholemodule";
				TARGETED_DEVICE_FAMILY = "1,2";
				VALIDATE_PRODUCT = YES;
			};
			name = Release;
		};
		F66375BF1E8BE6070099A022 /* Debug */ = {
			isa = XCBuildConfiguration;
			buildSettings = {
				ASSETCATALOG_COMPILER_APPICON_NAME = AppIcon;
				INFOPLIST_FILE = GesturesDemos/Info.plist;
				LD_RUNPATH_SEARCH_PATHS = "$(inherited) @executable_path/Frameworks";
				PRODUCT_BUNDLE_IDENTIFIER = DM.GesturesDemos;
				PRODUCT_NAME = "$(TARGET_NAME)";
				SWIFT_VERSION = 3.0;
			};
			name = Debug;
		};
		F66375C01E8BE6070099A022 /* Release */ = {
			isa = XCBuildConfiguration;
			buildSettings = {
				ASSETCATALOG_COMPILER_APPICON_NAME = AppIcon;
				INFOPLIST_FILE = GesturesDemos/Info.plist;
				LD_RUNPATH_SEARCH_PATHS = "$(inherited) @executable_path/Frameworks";
				PRODUCT_BUNDLE_IDENTIFIER = DM.GesturesDemos;
				PRODUCT_NAME = "$(TARGET_NAME)";
				SWIFT_VERSION = 3.0;
			};
			name = Release;
		};
/* End XCBuildConfiguration section */

/* Begin XCConfigurationList section */
		F66375A71E8BE6070099A022 /* Build configuration list for PBXProject "GesturesDemos" */ = {
			isa = XCConfigurationList;
			buildConfigurations = (
				F66375BC1E8BE6070099A022 /* Debug */,
				F66375BD1E8BE6070099A022 /* Release */,
			);
			defaultConfigurationIsVisible = 0;
			defaultConfigurationName = Release;
		};
		F66375BE1E8BE6070099A022 /* Build configuration list for PBXNativeTarget "GesturesDemos" */ = {
			isa = XCConfigurationList;
			buildConfigurations = (
				F66375BF1E8BE6070099A022 /* Debug */,
				F66375C01E8BE6070099A022 /* Release */,
			);
			defaultConfigurationIsVisible = 0;
		};
/* End XCConfigurationList section */
	};
	rootObject = F66375A41E8BE6070099A022 /* Project object */;
}
