// !$*UTF8*$!
{
	archiveVersion = 1;
	classes = {
	};
	objectVersion = 46;
	objects = {

/* Begin PBXBuildFile section */
		268326BC19F7941100B0C526 /* main.m in Sources */ = {isa = PBXBuildFile; fileRef = 268326BB19F7941100B0C526 /* main.m */; };
		268326C419F7944C00B0C526 /* Person.m in Sources */ = {isa = PBXBuildFile; fileRef = 268326C319F7944C00B0C526 /* Person.m */; };
/* End PBXBuildFile section */

/* Begin PBXCopyFilesBuildPhase section */
		268326B619F7941100B0C526 /* CopyFiles */ = {
			isa = PBXCopyFilesBuildPhase;
			buildActionMask = 2147483647;
			dstPath = /usr/share/man/man1/;
			dstSubfolderSpec = 0;
			files = (
			);
			runOnlyForDeploymentPostprocessing = 1;
		};
/* End PBXCopyFilesBuildPhase section */

/* Begin PBXFileReference section */
		268326B819F7941100B0C526 /* 2. DeclaringMethods */ = {isa = PBXFileReference; explicitFileType = "compiled.mach-o.executable"; includeInIndex = 0; path = "2. DeclaringMethods"; sourceTree = BUILT_PRODUCTS_DIR; };
		268326BB19F7941100B0C526 /* main.m */ = {isa = PBXFileReference; lastKnownFileType = sourcecode.c.objc; path = main.m; sourceTree = "<group>"; };
		268326C219F7944C00B0C526 /* Person.h */ = {isa = PBXFileReference; fileEncoding = 4; lastKnownFileType = sourcecode.c.h; path = Person.h; sourceTree = "<group>"; };
		268326C319F7944C00B0C526 /* Person.m */ = {isa = PBXFileReference; fileEncoding = 4; lastKnownFileType = sourcecode.c.objc; path = Person.m; sourceTree = "<group>"; };
/* End PBXFileReference section */

/* Begin PBXFrameworksBuildPhase section */
		268326B519F7941100B0C526 /* Frameworks */ = {
			isa = PBXFrameworksBuildPhase;
			buildActionMask = 2147483647;
			files = (
			);
			runOnlyForDeploymentPostprocessing = 0;
		};
/* End PBXFrameworksBuildPhase section */

/* Begin PBXGroup section */
		268326AF19F7941100B0C526 = {
			isa = PBXGroup;
			children = (
				268326BA19F7941100B0C526 /* DeclaringMethods */,
				268326B919F7941100B0C526 /* Products */,
			);
			sourceTree = "<group>";
		};
		268326B919F7941100B0C526 /* Products */ = {
			isa = PBXGroup;
			children = (
				268326B819F7941100B0C526 /* 2. DeclaringMethods */,
			);
			name = Products;
			sourceTree = "<group>";
		};
		268326BA19F7941100B0C526 /* DeclaringMethods */ = {
			isa = PBXGroup;
			children = (
				268326C219F7944C00B0C526 /* Person.h */,
				268326C319F7944C00B0C526 /* Person.m */,
				268326BB19F7941100B0C526 /* main.m */,
			);
			path = DeclaringMethods;
			sourceTree = "<group>";
		};
/* End PBXGroup section */

/* Begin PBXNativeTarget section */
		268326B719F7941100B0C526 /* 2. DeclaringMethods */ = {
			isa = PBXNativeTarget;
			buildConfigurationList = 268326BF19F7941100B0C526 /* Build configuration list for PBXNativeTarget "2. DeclaringMethods" */;
			buildPhases = (
				268326B419F7941100B0C526 /* Sources */,
				268326B519F7941100B0C526 /* Frameworks */,
				268326B619F7941100B0C526 /* CopyFiles */,
			);
			buildRules = (
			);
			dependencies = (
			);
			name = "2. DeclaringMethods";
			productName = DeclaringMethods;
			productReference = 268326B819F7941100B0C526 /* 2. DeclaringMethods */;
			productType = "com.apple.product-type.tool";
		};
/* End PBXNativeTarget section */

/* Begin PBXProject section */
		268326B019F7941100B0C526 /* Project object */ = {
			isa = PBXProject;
			attributes = {
				LastUpgradeCheck = 0610;
				ORGANIZATIONNAME = "Telerik Academy";
				TargetAttributes = {
					268326B719F7941100B0C526 = {
						CreatedOnToolsVersion = 6.1;
					};
				};
			};
			buildConfigurationList = 268326B319F7941100B0C526 /* Build configuration list for PBXProject "2. DeclaringMethods" */;
			compatibilityVersion = "Xcode 3.2";
			developmentRegion = English;
			hasScannedForEncodings = 0;
			knownRegions = (
				en,
			);
			mainGroup = 268326AF19F7941100B0C526;
			productRefGroup = 268326B919F7941100B0C526 /* Products */;
			projectDirPath = "";
			projectRoot = "";
			targets = (
				268326B719F7941100B0C526 /* 2. DeclaringMethods */,
			);
		};
/* End PBXProject section */

/* Begin PBXSourcesBuildPhase section */
		268326B419F7941100B0C526 /* Sources */ = {
			isa = PBXSourcesBuildPhase;
			buildActionMask = 2147483647;
			files = (
				268326C419F7944C00B0C526 /* Person.m in Sources */,
				268326BC19F7941100B0C526 /* main.m in Sources */,
			);
			runOnlyForDeploymentPostprocessing = 0;
		};
/* End PBXSourcesBuildPhase section */

/* Begin XCBuildConfiguration section */
		268326BD19F7941100B0C526 /* Debug */ = {
			isa = XCBuildConfiguration;
			buildSettings = {
				ALWAYS_SEARCH_USER_PATHS = NO;
				CLANG_CXX_LANGUAGE_STANDARD = "gnu++0x";
				CLANG_CXX_LIBRARY = "libc++";
				CLANG_ENABLE_MODULES = YES;
				CLANG_ENABLE_OBJC_ARC = YES;
				CLANG_WARN_BOOL_CONVERSION = YES;
				CLANG_WARN_CONSTANT_CONVERSION = YES;
				CLANG_WARN_DIRECT_OBJC_ISA_USAGE = YES_ERROR;
				CLANG_WARN_EMPTY_BODY = YES;
				CLANG_WARN_ENUM_CONVERSION = YES;
				CLANG_WARN_INT_CONVERSION = YES;
				CLANG_WARN_OBJC_ROOT_CLASS = YES_ERROR;
				CLANG_WARN_UNREACHABLE_CODE = YES;
				CLANG_WARN__DUPLICATE_METHOD_MATCH = YES;
				COPY_PHASE_STRIP = NO;
				ENABLE_STRICT_OBJC_MSGSEND = YES;
				GCC_C_LANGUAGE_STANDARD = gnu99;
				GCC_DYNAMIC_NO_PIC = NO;
				GCC_OPTIMIZATION_LEVEL = 0;
				GCC_PREPROCESSOR_DEFINITIONS = (
					"DEBUG=1",
					"$(inherited)",
				);
				GCC_SYMBOLS_PRIVATE_EXTERN = NO;
				GCC_WARN_64_TO_32_BIT_CONVERSION = YES;
				GCC_WARN_ABOUT_RETURN_TYPE = YES_ERROR;
				GCC_WARN_UNDECLARED_SELECTOR = YES;
				GCC_WARN_UNINITIALIZED_AUTOS = YES_AGGRESSIVE;
				GCC_WARN_UNUSED_FUNCTION = YES;
				GCC_WARN_UNUSED_VARIABLE = YES;
				MACOSX_DEPLOYMENT_TARGET = 10.10;
				MTL_ENABLE_DEBUG_INFO = YES;
				ONLY_ACTIVE_ARCH = YES;
				SDKROOT = macosx;
			};
			name = Debug;
		};
		268326BE19F7941100B0C526 /* Release */ = {
			isa = XCBuildConfiguration;
			buildSettings = {
				ALWAYS_SEARCH_USER_PATHS = NO;
				CLANG_CXX_LANGUAGE_STANDARD = "gnu++0x";
				CLANG_CXX_LIBRARY = "libc++";
				CLANG_ENABLE_MODULES = YES;
				CLANG_ENABLE_OBJC_ARC = YES;
				CLANG_WARN_BOOL_CONVERSION = YES;
				CLANG_WARN_CONSTANT_CONVERSION = YES;
				CLANG_WARN_DIRECT_OBJC_ISA_USAGE = YES_ERROR;
				CLANG_WARN_EMPTY_BODY = YES;
				CLANG_WARN_ENUM_CONVERSION = YES;
				CLANG_WARN_INT_CONVERSION = YES;
				CLANG_WARN_OBJC_ROOT_CLASS = YES_ERROR;
				CLANG_WARN_UNREACHABLE_CODE = YES;
				CLANG_WARN__DUPLICATE_METHOD_MATCH = YES;
				COPY_PHASE_STRIP = YES;
				DEBUG_INFORMATION_FORMAT = "dwarf-with-dsym";
				ENABLE_NS_ASSERTIONS = NO;
				ENABLE_STRICT_OBJC_MSGSEND = YES;
				GCC_C_LANGUAGE_STANDARD = gnu99;
				GCC_WARN_64_TO_32_BIT_CONVERSION = YES;
				GCC_WARN_ABOUT_RETURN_TYPE = YES_ERROR;
				GCC_WARN_UNDECLARED_SELECTOR = YES;
				GCC_WARN_UNINITIALIZED_AUTOS = YES_AGGRESSIVE;
				GCC_WARN_UNUSED_FUNCTION = YES;
				GCC_WARN_UNUSED_VARIABLE = YES;
				MACOSX_DEPLOYMENT_TARGET = 10.10;
				MTL_ENABLE_DEBUG_INFO = NO;
				SDKROOT = macosx;
			};
			name = Release;
		};
		268326C019F7941100B0C526 /* Debug */ = {
			isa = XCBuildConfiguration;
			buildSettings = {
				PRODUCT_NAME = "2. DeclaringMethods";
			};
			name = Debug;
		};
		268326C119F7941100B0C526 /* Release */ = {
			isa = XCBuildConfiguration;
			buildSettings = {
				PRODUCT_NAME = "2. DeclaringMethods";
			};
			name = Release;
		};
/* End XCBuildConfiguration section */

/* Begin XCConfigurationList section */
		268326B319F7941100B0C526 /* Build configuration list for PBXProject "2. DeclaringMethods" */ = {
			isa = XCConfigurationList;
			buildConfigurations = (
				268326BD19F7941100B0C526 /* Debug */,
				268326BE19F7941100B0C526 /* Release */,
			);
			defaultConfigurationIsVisible = 0;
			defaultConfigurationName = Release;
		};
		268326BF19F7941100B0C526 /* Build configuration list for PBXNativeTarget "2. DeclaringMethods" */ = {
			isa = XCConfigurationList;
			buildConfigurations = (
				268326C019F7941100B0C526 /* Debug */,
				268326C119F7941100B0C526 /* Release */,
			);
			defaultConfigurationIsVisible = 0;
		};
/* End XCConfigurationList section */
	};
	rootObject = 268326B019F7941100B0C526 /* Project object */;
}
