// !$*UTF8*$!
{
	archiveVersion = 1;
	classes = {
	};
	objectVersion = 46;
	objects = {

/* Begin PBXBuildFile section */
		268326A619F792E100B0C526 /* main.m in Sources */ = {isa = PBXBuildFile; fileRef = 268326A519F792E100B0C526 /* main.m */; };
		268326AE19F7931300B0C526 /* Person.m in Sources */ = {isa = PBXBuildFile; fileRef = 268326AD19F7931300B0C526 /* Person.m */; };
/* End PBXBuildFile section */

/* Begin PBXCopyFilesBuildPhase section */
		268326A019F792E100B0C526 /* CopyFiles */ = {
			isa = PBXCopyFilesBuildPhase;
			buildActionMask = 2147483647;
			dstPath = /usr/share/man/man1/;
			dstSubfolderSpec = 0;
			files = (
			);
			runOnlyForDeploymentPostprocessing = 1;
		};
/* End PBXCopyFilesBuildPhase section */

/* Begin PBXFileReference section */
		268326A219F792E100B0C526 /* 1. UsingMethods */ = {isa = PBXFileReference; explicitFileType = "compiled.mach-o.executable"; includeInIndex = 0; path = "1. UsingMethods"; sourceTree = BUILT_PRODUCTS_DIR; };
		268326A519F792E100B0C526 /* main.m */ = {isa = PBXFileReference; lastKnownFileType = sourcecode.c.objc; path = main.m; sourceTree = "<group>"; };
		268326AC19F7931300B0C526 /* Person.h */ = {isa = PBXFileReference; fileEncoding = 4; lastKnownFileType = sourcecode.c.h; name = Person.h; path = ../Person.h; sourceTree = "<group>"; };
		268326AD19F7931300B0C526 /* Person.m */ = {isa = PBXFileReference; fileEncoding = 4; lastKnownFileType = sourcecode.c.objc; name = Person.m; path = ../Person.m; sourceTree = "<group>"; };
/* End PBXFileReference section */

/* Begin PBXFrameworksBuildPhase section */
		2683269F19F792E100B0C526 /* Frameworks */ = {
			isa = PBXFrameworksBuildPhase;
			buildActionMask = 2147483647;
			files = (
			);
			runOnlyForDeploymentPostprocessing = 0;
		};
/* End PBXFrameworksBuildPhase section */

/* Begin PBXGroup section */
		2683269919F792E100B0C526 = {
			isa = PBXGroup;
			children = (
				268326A419F792E100B0C526 /* UsingMethods */,
				268326A319F792E100B0C526 /* Products */,
			);
			sourceTree = "<group>";
		};
		268326A319F792E100B0C526 /* Products */ = {
			isa = PBXGroup;
			children = (
				268326A219F792E100B0C526 /* 1. UsingMethods */,
			);
			name = Products;
			sourceTree = "<group>";
		};
		268326A419F792E100B0C526 /* UsingMethods */ = {
			isa = PBXGroup;
			children = (
				268326AC19F7931300B0C526 /* Person.h */,
				268326AD19F7931300B0C526 /* Person.m */,
				268326A519F792E100B0C526 /* main.m */,
			);
			path = UsingMethods;
			sourceTree = "<group>";
		};
/* End PBXGroup section */

/* Begin PBXNativeTarget section */
		268326A119F792E100B0C526 /* 1. UsingMethods */ = {
			isa = PBXNativeTarget;
			buildConfigurationList = 268326A919F792E100B0C526 /* Build configuration list for PBXNativeTarget "1. UsingMethods" */;
			buildPhases = (
				2683269E19F792E100B0C526 /* Sources */,
				2683269F19F792E100B0C526 /* Frameworks */,
				268326A019F792E100B0C526 /* CopyFiles */,
			);
			buildRules = (
			);
			dependencies = (
			);
			name = "1. UsingMethods";
			productName = UsingMethods;
			productReference = 268326A219F792E100B0C526 /* 1. UsingMethods */;
			productType = "com.apple.product-type.tool";
		};
/* End PBXNativeTarget section */

/* Begin PBXProject section */
		2683269A19F792E100B0C526 /* Project object */ = {
			isa = PBXProject;
			attributes = {
				LastUpgradeCheck = 0610;
				ORGANIZATIONNAME = "Telerik Academy";
				TargetAttributes = {
					268326A119F792E100B0C526 = {
						CreatedOnToolsVersion = 6.1;
					};
				};
			};
			buildConfigurationList = 2683269D19F792E100B0C526 /* Build configuration list for PBXProject "1. UsingMethods" */;
			compatibilityVersion = "Xcode 3.2";
			developmentRegion = English;
			hasScannedForEncodings = 0;
			knownRegions = (
				en,
			);
			mainGroup = 2683269919F792E100B0C526;
			productRefGroup = 268326A319F792E100B0C526 /* Products */;
			projectDirPath = "";
			projectRoot = "";
			targets = (
				268326A119F792E100B0C526 /* 1. UsingMethods */,
			);
		};
/* End PBXProject section */

/* Begin PBXSourcesBuildPhase section */
		2683269E19F792E100B0C526 /* Sources */ = {
			isa = PBXSourcesBuildPhase;
			buildActionMask = 2147483647;
			files = (
				268326AE19F7931300B0C526 /* Person.m in Sources */,
				268326A619F792E100B0C526 /* main.m in Sources */,
			);
			runOnlyForDeploymentPostprocessing = 0;
		};
/* End PBXSourcesBuildPhase section */

/* Begin XCBuildConfiguration section */
		268326A719F792E100B0C526 /* Debug */ = {
			isa = XCBuildConfiguration;
			buildSettings = {
				ALWAYS_SEARCH_USER_PATHS = NO;
				CLANG_CXX_LANGUAGE_STANDARD = "gnu++0x";
				CLANG_CXX_LIBRARY = "libc++";
				CLANG_ENABLE_MODULES = YES;
				CLANG_ENABLE_OBJC_ARC = YES;
				CLANG_WARN_BOOL_CONVERSION = YES;
				CLANG_WARN_CONSTANT_CONVERSION = YES;
				CLANG_WARN_DIRECT_OBJC_ISA_USAGE = YES_ERROR;
				CLANG_WARN_EMPTY_BODY = YES;
				CLANG_WARN_ENUM_CONVERSION = YES;
				CLANG_WARN_INT_CONVERSION = YES;
				CLANG_WARN_OBJC_ROOT_CLASS = YES_ERROR;
				CLANG_WARN_UNREACHABLE_CODE = YES;
				CLANG_WARN__DUPLICATE_METHOD_MATCH = YES;
				COPY_PHASE_STRIP = NO;
				ENABLE_STRICT_OBJC_MSGSEND = YES;
				GCC_C_LANGUAGE_STANDARD = gnu99;
				GCC_DYNAMIC_NO_PIC = NO;
				GCC_OPTIMIZATION_LEVEL = 0;
				GCC_PREPROCESSOR_DEFINITIONS = (
					"DEBUG=1",
					"$(inherited)",
				);
				GCC_SYMBOLS_PRIVATE_EXTERN = NO;
				GCC_WARN_64_TO_32_BIT_CONVERSION = YES;
				GCC_WARN_ABOUT_RETURN_TYPE = YES_ERROR;
				GCC_WARN_UNDECLARED_SELECTOR = YES;
				GCC_WARN_UNINITIALIZED_AUTOS = YES_AGGRESSIVE;
				GCC_WARN_UNUSED_FUNCTION = YES;
				GCC_WARN_UNUSED_VARIABLE = YES;
				MACOSX_DEPLOYMENT_TARGET = 10.10;
				MTL_ENABLE_DEBUG_INFO = YES;
				ONLY_ACTIVE_ARCH = YES;
				SDKROOT = macosx;
			};
			name = Debug;
		};
		268326A819F792E100B0C526 /* Release */ = {
			isa = XCBuildConfiguration;
			buildSettings = {
				ALWAYS_SEARCH_USER_PATHS = NO;
				CLANG_CXX_LANGUAGE_STANDARD = "gnu++0x";
				CLANG_CXX_LIBRARY = "libc++";
				CLANG_ENABLE_MODULES = YES;
				CLANG_ENABLE_OBJC_ARC = YES;
				CLANG_WARN_BOOL_CONVERSION = YES;
				CLANG_WARN_CONSTANT_CONVERSION = YES;
				CLANG_WARN_DIRECT_OBJC_ISA_USAGE = YES_ERROR;
				CLANG_WARN_EMPTY_BODY = YES;
				CLANG_WARN_ENUM_CONVERSION = YES;
				CLANG_WARN_INT_CONVERSION = YES;
				CLANG_WARN_OBJC_ROOT_CLASS = YES_ERROR;
				CLANG_WARN_UNREACHABLE_CODE = YES;
				CLANG_WARN__DUPLICATE_METHOD_MATCH = YES;
				COPY_PHASE_STRIP = YES;
				DEBUG_INFORMATION_FORMAT = "dwarf-with-dsym";
				ENABLE_NS_ASSERTIONS = NO;
				ENABLE_STRICT_OBJC_MSGSEND = YES;
				GCC_C_LANGUAGE_STANDARD = gnu99;
				GCC_WARN_64_TO_32_BIT_CONVERSION = YES;
				GCC_WARN_ABOUT_RETURN_TYPE = YES_ERROR;
				GCC_WARN_UNDECLARED_SELECTOR = YES;
				GCC_WARN_UNINITIALIZED_AUTOS = YES_AGGRESSIVE;
				GCC_WARN_UNUSED_FUNCTION = YES;
				GCC_WARN_UNUSED_VARIABLE = YES;
				MACOSX_DEPLOYMENT_TARGET = 10.10;
				MTL_ENABLE_DEBUG_INFO = NO;
				SDKROOT = macosx;
			};
			name = Release;
		};
		268326AA19F792E100B0C526 /* Debug */ = {
			isa = XCBuildConfiguration;
			buildSettings = {
				PRODUCT_NAME = "1. UsingMethods";
			};
			name = Debug;
		};
		268326AB19F792E100B0C526 /* Release */ = {
			isa = XCBuildConfiguration;
			buildSettings = {
				PRODUCT_NAME = "1. UsingMethods";
			};
			name = Release;
		};
/* End XCBuildConfiguration section */

/* Begin XCConfigurationList section */
		2683269D19F792E100B0C526 /* Build configuration list for PBXProject "1. UsingMethods" */ = {
			isa = XCConfigurationList;
			buildConfigurations = (
				268326A719F792E100B0C526 /* Debug */,
				268326A819F792E100B0C526 /* Release */,
			);
			defaultConfigurationIsVisible = 0;
			defaultConfigurationName = Release;
		};
		268326A919F792E100B0C526 /* Build configuration list for PBXNativeTarget "1. UsingMethods" */ = {
			isa = XCConfigurationList;
			buildConfigurations = (
				268326AA19F792E100B0C526 /* Debug */,
				268326AB19F792E100B0C526 /* Release */,
			);
			defaultConfigurationIsVisible = 0;
		};
/* End XCConfigurationList section */
	};
	rootObject = 2683269A19F792E100B0C526 /* Project object */;
}
